
Microsoft Visual Studio Solution File, Format Version 12.00
# Visual Studio 15
VisualStudioVersion = 15.0.28307.645
MinimumVisualStudioVersion = 10.0.40219.1
Project("{FAE04EC0-301F-11D3-BF4B-00C04F79EFBC}") = "Core", "Core\Core.csproj", "{068D6901-A1E8-4AAC-9CB1-EBF88AC6F8CD}"
EndProject
Global
	GlobalSection(SolutionConfigurationPlatforms) = preSolution
		Debug|Any CPU = Debug|Any CPU
		Release|Any CPU = Release|Any CPU
	EndGlobalSection
	GlobalSection(ProjectConfigurationPlatforms) = postSolution
		{068D6901-A1E8-4AAC-9CB1-EBF88AC6F8CD}.Debug|Any CPU.ActiveCfg = Debug|Any CPU
		{068D6901-A1E8-4AAC-9CB1-EBF88AC6F8CD}.Debug|Any CPU.Build.0 = Debug|Any CPU
		{068D6901-A1E8-4AAC-9CB1-EBF88AC6F8CD}.Release|Any CPU.ActiveCfg = Release|Any CPU
		{068D6901-A1E8-4AAC-9CB1-EBF88AC6F8CD}.Release|Any CPU.Build.0 = Release|Any CPU
	EndGlobalSection
	GlobalSection(SolutionProperties) = preSolution
		HideSolutionNode = FALSE
	EndGlobalSection
	GlobalSection(ExtensibilityGlobals) = postSolution
		SolutionGuid = {DC1CB7B7-FB31-4AE4-956F-5653DAC2C022}
	EndGlobalSection
EndGlobal
